
Microsoft Visual Studio Solution File, Format Version 12.00
# Visual Studio Version 17
VisualStudioVersion = 17.1.32210.238
MinimumVisualStudioVersion = 10.0.40219.1
Project("{FAE04EC0-301F-11D3-BF4B-00C04F79EFBC}") = "SampleVisualStudio", "SampleVisualStudio\SampleVisualStudio.csproj", "{0DC5FA44-5244-4023-9FF9-22657DC2B5EE}"
EndProject
Global
	GlobalSection(SolutionConfigurationPlatforms) = preSolution
		Debug|Any CPU = Debug|Any CPU
		Release|Any CPU = Release|Any CPU
	EndGlobalSection
	GlobalSection(ProjectConfigurationPlatforms) = postSolution
		{0DC5FA44-5244-4023-9FF9-22657DC2B5EE}.Debug|Any CPU.ActiveCfg = Debug|Any CPU
		{0DC5FA44-5244-4023-9FF9-22657DC2B5EE}.Debug|Any CPU.Build.0 = Debug|Any CPU
		{0DC5FA44-5244-4023-9FF9-22657DC2B5EE}.Release|Any CPU.ActiveCfg = Release|Any CPU
		{0DC5FA44-5244-4023-9FF9-22657DC2B5EE}.Release|Any CPU.Build.0 = Release|Any CPU
	EndGlobalSection
	GlobalSection(SolutionProperties) = preSolution
		HideSolutionNode = FALSE
	EndGlobalSection
	GlobalSection(ExtensibilityGlobals) = postSolution
		SolutionGuid = {ECF7D676-4110-49B0-B3EF-25280714CE77}
	EndGlobalSection
EndGlobal
